// !$*UTF8*$!
{
	archiveVersion = 1;
	classes = {
	};
	objectVersion = 56;
	objects = {

/* Begin PBXBuildFile section */
		8A83E2B829F520E700C15881 /* AppDelegate.swift in Sources */ = {isa = PBXBuildFile; fileRef = 8A83E2B729F520E700C15881 /* AppDelegate.swift */; };
		8A83E2BA29F520E700C15881 /* SceneDelegate.swift in Sources */ = {isa = PBXBuildFile; fileRef = 8A83E2B929F520E700C15881 /* SceneDelegate.swift */; };
		8A83E2BC29F520E700C15881 /* RMTabBarViewController.swift in Sources */ = {isa = PBXBuildFile; fileRef = 8A83E2BB29F520E700C15881 /* RMTabBarViewController.swift */; };
		8A83E2C129F520E900C15881 /* Assets.xcassets in Resources */ = {isa = PBXBuildFile; fileRef = 8A83E2C029F520E900C15881 /* Assets.xcassets */; };
		8A83E2C429F520E900C15881 /* LaunchScreen.storyboard in Resources */ = {isa = PBXBuildFile; fileRef = 8A83E2C229F520E900C15881 /* LaunchScreen.storyboard */; };
		8A83E2D329F524DD00C15881 /* RMLocation.swift in Sources */ = {isa = PBXBuildFile; fileRef = 8A83E2D229F524DD00C15881 /* RMLocation.swift */; };
		8A83E2D529F5252C00C15881 /* RMCharacter.swift in Sources */ = {isa = PBXBuildFile; fileRef = 8A83E2D429F5252C00C15881 /* RMCharacter.swift */; };
		8A83E2D729F5254C00C15881 /* RMEpisode.swift in Sources */ = {isa = PBXBuildFile; fileRef = 8A83E2D629F5254C00C15881 /* RMEpisode.swift */; };
		8A83E2DA29F5265E00C15881 /* RMCharacterViewController.swift in Sources */ = {isa = PBXBuildFile; fileRef = 8A83E2D929F5265E00C15881 /* RMCharacterViewController.swift */; };
		8A83E2DC29F5268300C15881 /* RMLocationViewController.swift in Sources */ = {isa = PBXBuildFile; fileRef = 8A83E2DB29F5268300C15881 /* RMLocationViewController.swift */; };
		8A83E2DE29F526A300C15881 /* RMEpisodeViewController.swift in Sources */ = {isa = PBXBuildFile; fileRef = 8A83E2DD29F526A300C15881 /* RMEpisodeViewController.swift */; };
		8A83E2E029F526E100C15881 /* RMSettingsViewController.swift in Sources */ = {isa = PBXBuildFile; fileRef = 8A83E2DF29F526E100C15881 /* RMSettingsViewController.swift */; };
		8AA8DE4A29F5EC9F004558CA /* RMOrigin.swift in Sources */ = {isa = PBXBuildFile; fileRef = 8AA8DE4929F5EC9F004558CA /* RMOrigin.swift */; };
		8AA8DE4C29F5EDEC004558CA /* RMSingleLocation.swift in Sources */ = {isa = PBXBuildFile; fileRef = 8AA8DE4B29F5EDEC004558CA /* RMSingleLocation.swift */; };
		8AA8DE4E29F5F058004558CA /* RMCharacterStatus.swift in Sources */ = {isa = PBXBuildFile; fileRef = 8AA8DE4D29F5F058004558CA /* RMCharacterStatus.swift */; };
		8AA8DE5029F5F667004558CA /* RMCharacterGender.swift in Sources */ = {isa = PBXBuildFile; fileRef = 8AA8DE4F29F5F667004558CA /* RMCharacterGender.swift */; };
		8AA8DE5429F5FADB004558CA /* RMEndpoint.swift in Sources */ = {isa = PBXBuildFile; fileRef = 8AA8DE5129F5FADB004558CA /* RMEndpoint.swift */; };
		8AA8DE5529F5FADB004558CA /* RMRequest.swift in Sources */ = {isa = PBXBuildFile; fileRef = 8AA8DE5229F5FADB004558CA /* RMRequest.swift */; };
		8AA8DE5629F5FADB004558CA /* RMService.swift in Sources */ = {isa = PBXBuildFile; fileRef = 8AA8DE5329F5FADB004558CA /* RMService.swift */; };
/* End PBXBuildFile section */

/* Begin PBXFileReference section */
		8A83E2B429F520E700C15881 /* RickAndMorty.app */ = {isa = PBXFileReference; explicitFileType = wrapper.application; includeInIndex = 0; path = RickAndMorty.app; sourceTree = BUILT_PRODUCTS_DIR; };
		8A83E2B729F520E700C15881 /* AppDelegate.swift */ = {isa = PBXFileReference; lastKnownFileType = sourcecode.swift; path = AppDelegate.swift; sourceTree = "<group>"; };
		8A83E2B929F520E700C15881 /* SceneDelegate.swift */ = {isa = PBXFileReference; lastKnownFileType = sourcecode.swift; path = SceneDelegate.swift; sourceTree = "<group>"; };
		8A83E2BB29F520E700C15881 /* RMTabBarViewController.swift */ = {isa = PBXFileReference; lastKnownFileType = sourcecode.swift; path = RMTabBarViewController.swift; sourceTree = "<group>"; };
		8A83E2C029F520E900C15881 /* Assets.xcassets */ = {isa = PBXFileReference; lastKnownFileType = folder.assetcatalog; path = Assets.xcassets; sourceTree = "<group>"; };
		8A83E2C329F520E900C15881 /* Base */ = {isa = PBXFileReference; lastKnownFileType = file.storyboard; name = Base; path = Base.lproj/LaunchScreen.storyboard; sourceTree = "<group>"; };
		8A83E2C529F520E900C15881 /* Info.plist */ = {isa = PBXFileReference; lastKnownFileType = text.plist.xml; path = Info.plist; sourceTree = "<group>"; };
		8A83E2D229F524DD00C15881 /* RMLocation.swift */ = {isa = PBXFileReference; lastKnownFileType = sourcecode.swift; path = RMLocation.swift; sourceTree = "<group>"; };
		8A83E2D429F5252C00C15881 /* RMCharacter.swift */ = {isa = PBXFileReference; lastKnownFileType = sourcecode.swift; path = RMCharacter.swift; sourceTree = "<group>"; };
		8A83E2D629F5254C00C15881 /* RMEpisode.swift */ = {isa = PBXFileReference; lastKnownFileType = sourcecode.swift; path = RMEpisode.swift; sourceTree = "<group>"; };
		8A83E2D929F5265E00C15881 /* RMCharacterViewController.swift */ = {isa = PBXFileReference; lastKnownFileType = sourcecode.swift; path = RMCharacterViewController.swift; sourceTree = "<group>"; };
		8A83E2DB29F5268300C15881 /* RMLocationViewController.swift */ = {isa = PBXFileReference; lastKnownFileType = sourcecode.swift; path = RMLocationViewController.swift; sourceTree = "<group>"; };
		8A83E2DD29F526A300C15881 /* RMEpisodeViewController.swift */ = {isa = PBXFileReference; lastKnownFileType = sourcecode.swift; path = RMEpisodeViewController.swift; sourceTree = "<group>"; };
		8A83E2DF29F526E100C15881 /* RMSettingsViewController.swift */ = {isa = PBXFileReference; lastKnownFileType = sourcecode.swift; path = RMSettingsViewController.swift; sourceTree = "<group>"; };
		8AA8DE4929F5EC9F004558CA /* RMOrigin.swift */ = {isa = PBXFileReference; lastKnownFileType = sourcecode.swift; path = RMOrigin.swift; sourceTree = "<group>"; };
		8AA8DE4B29F5EDEC004558CA /* RMSingleLocation.swift */ = {isa = PBXFileReference; lastKnownFileType = sourcecode.swift; path = RMSingleLocation.swift; sourceTree = "<group>"; };
		8AA8DE4D29F5F058004558CA /* RMCharacterStatus.swift */ = {isa = PBXFileReference; lastKnownFileType = sourcecode.swift; path = RMCharacterStatus.swift; sourceTree = "<group>"; };
		8AA8DE4F29F5F667004558CA /* RMCharacterGender.swift */ = {isa = PBXFileReference; lastKnownFileType = sourcecode.swift; path = RMCharacterGender.swift; sourceTree = "<group>"; };
		8AA8DE5129F5FADB004558CA /* RMEndpoint.swift */ = {isa = PBXFileReference; fileEncoding = 4; lastKnownFileType = sourcecode.swift; name = RMEndpoint.swift; path = "../../../../../../Volumes/Sklad 2/Pet project/RickAndMorty/RickAndMorty/APIClient/RMEndpoint.swift"; sourceTree = "<group>"; };
		8AA8DE5229F5FADB004558CA /* RMRequest.swift */ = {isa = PBXFileReference; fileEncoding = 4; lastKnownFileType = sourcecode.swift; name = RMRequest.swift; path = "../../../../../../Volumes/Sklad 2/Pet project/RickAndMorty/RickAndMorty/APIClient/RMRequest.swift"; sourceTree = "<group>"; };
		8AA8DE5329F5FADB004558CA /* RMService.swift */ = {isa = PBXFileReference; fileEncoding = 4; lastKnownFileType = sourcecode.swift; name = RMService.swift; path = "../../../../../../Volumes/Sklad 2/Pet project/RickAndMorty/RickAndMorty/APIClient/RMService.swift"; sourceTree = "<group>"; };
/* End PBXFileReference section */

/* Begin PBXFrameworksBuildPhase section */
		8A83E2B129F520E700C15881 /* Frameworks */ = {
			isa = PBXFrameworksBuildPhase;
			buildActionMask = 2147483647;
			files = (
			);
			runOnlyForDeploymentPostprocessing = 0;
		};
/* End PBXFrameworksBuildPhase section */

/* Begin PBXGroup section */
		8A83E2AB29F520E700C15881 = {
			isa = PBXGroup;
			children = (
				8A83E2B629F520E700C15881 /* RickAndMorty */,
				8A83E2B529F520E700C15881 /* Products */,
			);
			sourceTree = "<group>";
		};
		8A83E2B529F520E700C15881 /* Products */ = {
			isa = PBXGroup;
			children = (
				8A83E2B429F520E700C15881 /* RickAndMorty.app */,
			);
			name = Products;
			sourceTree = "<group>";
		};
		8A83E2B629F520E700C15881 /* RickAndMorty */ = {
			isa = PBXGroup;
			children = (
				8A83E2D129F523FB00C15881 /* Resources */,
				8A83E2D029F523EC00C15881 /* Managers */,
				8A83E2CF29F523CD00C15881 /* APIClient */,
				8A83E2CE29F5238200C15881 /* ViewModel */,
				8A83E2CD29F5236C00C15881 /* Views */,
				8A83E2CC29F5236000C15881 /* Models */,
				8A83E2CB29F5233E00C15881 /* Conrollers */,
				8A83E2C529F520E900C15881 /* Info.plist */,
			);
			path = RickAndMorty;
			sourceTree = "<group>";
		};
		8A83E2CB29F5233E00C15881 /* Conrollers */ = {
			isa = PBXGroup;
			children = (
				8A83E2D829F5260C00C15881 /* Core */,
			);
			path = Conrollers;
			sourceTree = "<group>";
		};
		8A83E2CC29F5236000C15881 /* Models */ = {
			isa = PBXGroup;
			children = (
				8A83E2D229F524DD00C15881 /* RMLocation.swift */,
				8A83E2D429F5252C00C15881 /* RMCharacter.swift */,
				8A83E2D629F5254C00C15881 /* RMEpisode.swift */,
				8AA8DE4929F5EC9F004558CA /* RMOrigin.swift */,
				8AA8DE4B29F5EDEC004558CA /* RMSingleLocation.swift */,
				8AA8DE4D29F5F058004558CA /* RMCharacterStatus.swift */,
				8AA8DE4F29F5F667004558CA /* RMCharacterGender.swift */,
			);
			path = Models;
			sourceTree = "<group>";
		};
		8A83E2CD29F5236C00C15881 /* Views */ = {
			isa = PBXGroup;
			children = (
			);
			path = Views;
			sourceTree = "<group>";
		};
		8A83E2CE29F5238200C15881 /* ViewModel */ = {
			isa = PBXGroup;
			children = (
			);
			path = ViewModel;
			sourceTree = "<group>";
		};
		8A83E2CF29F523CD00C15881 /* APIClient */ = {
			isa = PBXGroup;
			children = (
				8AA8DE5329F5FADB004558CA /* RMService.swift */,
				8AA8DE5229F5FADB004558CA /* RMRequest.swift */,
				8AA8DE5129F5FADB004558CA /* RMEndpoint.swift */,
			);
			path = APIClient;
			sourceTree = "<group>";
		};
		8A83E2D029F523EC00C15881 /* Managers */ = {
			isa = PBXGroup;
			children = (
			);
			path = Managers;
			sourceTree = "<group>";
		};
		8A83E2D129F523FB00C15881 /* Resources */ = {
			isa = PBXGroup;
			children = (
				8A83E2B729F520E700C15881 /* AppDelegate.swift */,
				8A83E2B929F520E700C15881 /* SceneDelegate.swift */,
				8A83E2C029F520E900C15881 /* Assets.xcassets */,
				8A83E2C229F520E900C15881 /* LaunchScreen.storyboard */,
			);
			path = Resources;
			sourceTree = "<group>";
		};
		8A83E2D829F5260C00C15881 /* Core */ = {
			isa = PBXGroup;
			children = (
				8A83E2BB29F520E700C15881 /* RMTabBarViewController.swift */,
				8A83E2D929F5265E00C15881 /* RMCharacterViewController.swift */,
				8A83E2DB29F5268300C15881 /* RMLocationViewController.swift */,
				8A83E2DD29F526A300C15881 /* RMEpisodeViewController.swift */,
				8A83E2DF29F526E100C15881 /* RMSettingsViewController.swift */,
			);
			path = Core;
			sourceTree = "<group>";
		};
/* End PBXGroup section */

/* Begin PBXNativeTarget section */
		8A83E2B329F520E700C15881 /* RickAndMorty */ = {
			isa = PBXNativeTarget;
			buildConfigurationList = 8A83E2C829F520E900C15881 /* Build configuration list for PBXNativeTarget "RickAndMorty" */;
			buildPhases = (
				8A83E2B029F520E700C15881 /* Sources */,
				8A83E2B129F520E700C15881 /* Frameworks */,
				8A83E2B229F520E700C15881 /* Resources */,
			);
			buildRules = (
			);
			dependencies = (
			);
			name = RickAndMorty;
			productName = RickAndMorty;
			productReference = 8A83E2B429F520E700C15881 /* RickAndMorty.app */;
			productType = "com.apple.product-type.application";
		};
/* End PBXNativeTarget section */

/* Begin PBXProject section */
		8A83E2AC29F520E700C15881 /* Project object */ = {
			isa = PBXProject;
			attributes = {
				BuildIndependentTargetsInParallel = 1;
				LastSwiftUpdateCheck = 1430;
				LastUpgradeCheck = 1430;
				TargetAttributes = {
					8A83E2B329F520E700C15881 = {
						CreatedOnToolsVersion = 14.3;
					};
				};
			};
			buildConfigurationList = 8A83E2AF29F520E700C15881 /* Build configuration list for PBXProject "RickAndMorty" */;
			compatibilityVersion = "Xcode 14.0";
			developmentRegion = en;
			hasScannedForEncodings = 0;
			knownRegions = (
				en,
				Base,
			);
			mainGroup = 8A83E2AB29F520E700C15881;
			productRefGroup = 8A83E2B529F520E700C15881 /* Products */;
			projectDirPath = "";
			projectRoot = "";
			targets = (
				8A83E2B329F520E700C15881 /* RickAndMorty */,
			);
		};
/* End PBXProject section */

/* Begin PBXResourcesBuildPhase section */
		8A83E2B229F520E700C15881 /* Resources */ = {
			isa = PBXResourcesBuildPhase;
			buildActionMask = 2147483647;
			files = (
				8A83E2C429F520E900C15881 /* LaunchScreen.storyboard in Resources */,
				8A83E2C129F520E900C15881 /* Assets.xcassets in Resources */,
			);
			runOnlyForDeploymentPostprocessing = 0;
		};
/* End PBXResourcesBuildPhase section */

/* Begin PBXSourcesBuildPhase section */
		8A83E2B029F520E700C15881 /* Sources */ = {
			isa = PBXSourcesBuildPhase;
			buildActionMask = 2147483647;
			files = (
				8A83E2DC29F5268300C15881 /* RMLocationViewController.swift in Sources */,
				8AA8DE4A29F5EC9F004558CA /* RMOrigin.swift in Sources */,
				8AA8DE5629F5FADB004558CA /* RMService.swift in Sources */,
				8AA8DE5529F5FADB004558CA /* RMRequest.swift in Sources */,
				8A83E2D729F5254C00C15881 /* RMEpisode.swift in Sources */,
				8AA8DE5029F5F667004558CA /* RMCharacterGender.swift in Sources */,
				8A83E2BC29F520E700C15881 /* RMTabBarViewController.swift in Sources */,
				8A83E2DE29F526A300C15881 /* RMEpisodeViewController.swift in Sources */,
				8A83E2B829F520E700C15881 /* AppDelegate.swift in Sources */,
				8A83E2BA29F520E700C15881 /* SceneDelegate.swift in Sources */,
				8AA8DE4C29F5EDEC004558CA /* RMSingleLocation.swift in Sources */,
				8AA8DE4E29F5F058004558CA /* RMCharacterStatus.swift in Sources */,
				8A83E2E029F526E100C15881 /* RMSettingsViewController.swift in Sources */,
				8A83E2D329F524DD00C15881 /* RMLocation.swift in Sources */,
				8AA8DE5429F5FADB004558CA /* RMEndpoint.swift in Sources */,
				8A83E2D529F5252C00C15881 /* RMCharacter.swift in Sources */,
				8A83E2DA29F5265E00C15881 /* RMCharacterViewController.swift in Sources */,
			);
			runOnlyForDeploymentPostprocessing = 0;
		};
/* End PBXSourcesBuildPhase section */

/* Begin PBXVariantGroup section */
		8A83E2C229F520E900C15881 /* LaunchScreen.storyboard */ = {
			isa = PBXVariantGroup;
			children = (
				8A83E2C329F520E900C15881 /* Base */,
			);
			name = LaunchScreen.storyboard;
			sourceTree = "<group>";
		};
/* End PBXVariantGroup section */

/* Begin XCBuildConfiguration section */
		8A83E2C629F520E900C15881 /* Debug */ = {
			isa = XCBuildConfiguration;
			buildSettings = {
				ALWAYS_SEARCH_USER_PATHS = NO;
				CLANG_ANALYZER_NONNULL = YES;
				CLANG_ANALYZER_NUMBER_OBJECT_CONVERSION = YES_AGGRESSIVE;
				CLANG_CXX_LANGUAGE_STANDARD = "gnu++20";
				CLANG_ENABLE_MODULES = YES;
				CLANG_ENABLE_OBJC_ARC = YES;
				CLANG_ENABLE_OBJC_WEAK = YES;
				CLANG_WARN_BLOCK_CAPTURE_AUTORELEASING = YES;
				CLANG_WARN_BOOL_CONVERSION = YES;
				CLANG_WARN_COMMA = YES;
				CLANG_WARN_CONSTANT_CONVERSION = YES;
				CLANG_WARN_DEPRECATED_OBJC_IMPLEMENTATIONS = YES;
				CLANG_WARN_DIRECT_OBJC_ISA_USAGE = YES_ERROR;
				CLANG_WARN_DOCUMENTATION_COMMENTS = YES;
				CLANG_WARN_EMPTY_BODY = YES;
				CLANG_WARN_ENUM_CONVERSION = YES;
				CLANG_WARN_INFINITE_RECURSION = YES;
				CLANG_WARN_INT_CONVERSION = YES;
				CLANG_WARN_NON_LITERAL_NULL_CONVERSION = YES;
				CLANG_WARN_OBJC_IMPLICIT_RETAIN_SELF = YES;
				CLANG_WARN_OBJC_LITERAL_CONVERSION = YES;
				CLANG_WARN_OBJC_ROOT_CLASS = YES_ERROR;
				CLANG_WARN_QUOTED_INCLUDE_IN_FRAMEWORK_HEADER = YES;
				CLANG_WARN_RANGE_LOOP_ANALYSIS = YES;
				CLANG_WARN_STRICT_PROTOTYPES = YES;
				CLANG_WARN_SUSPICIOUS_MOVE = YES;
				CLANG_WARN_UNGUARDED_AVAILABILITY = YES_AGGRESSIVE;
				CLANG_WARN_UNREACHABLE_CODE = YES;
				CLANG_WARN__DUPLICATE_METHOD_MATCH = YES;
				COPY_PHASE_STRIP = NO;
				DEBUG_INFORMATION_FORMAT = dwarf;
				ENABLE_STRICT_OBJC_MSGSEND = YES;
				ENABLE_TESTABILITY = YES;
				GCC_C_LANGUAGE_STANDARD = gnu11;
				GCC_DYNAMIC_NO_PIC = NO;
				GCC_NO_COMMON_BLOCKS = YES;
				GCC_OPTIMIZATION_LEVEL = 0;
				GCC_PREPROCESSOR_DEFINITIONS = (
					"DEBUG=1",
					"$(inherited)",
				);
				GCC_WARN_64_TO_32_BIT_CONVERSION = YES;
				GCC_WARN_ABOUT_RETURN_TYPE = YES_ERROR;
				GCC_WARN_UNDECLARED_SELECTOR = YES;
				GCC_WARN_UNINITIALIZED_AUTOS = YES_AGGRESSIVE;
				GCC_WARN_UNUSED_FUNCTION = YES;
				GCC_WARN_UNUSED_VARIABLE = YES;
				IPHONEOS_DEPLOYMENT_TARGET = 16.4;
				MTL_ENABLE_DEBUG_INFO = INCLUDE_SOURCE;
				MTL_FAST_MATH = YES;
				ONLY_ACTIVE_ARCH = YES;
				SDKROOT = iphoneos;
				SWIFT_ACTIVE_COMPILATION_CONDITIONS = DEBUG;
				SWIFT_OPTIMIZATION_LEVEL = "-Onone";
			};
			name = Debug;
		};
		8A83E2C729F520E900C15881 /* Release */ = {
			isa = XCBuildConfiguration;
			buildSettings = {
				ALWAYS_SEARCH_USER_PATHS = NO;
				CLANG_ANALYZER_NONNULL = YES;
				CLANG_ANALYZER_NUMBER_OBJECT_CONVERSION = YES_AGGRESSIVE;
				CLANG_CXX_LANGUAGE_STANDARD = "gnu++20";
				CLANG_ENABLE_MODULES = YES;
				CLANG_ENABLE_OBJC_ARC = YES;
				CLANG_ENABLE_OBJC_WEAK = YES;
				CLANG_WARN_BLOCK_CAPTURE_AUTORELEASING = YES;
				CLANG_WARN_BOOL_CONVERSION = YES;
				CLANG_WARN_COMMA = YES;
				CLANG_WARN_CONSTANT_CONVERSION = YES;
				CLANG_WARN_DEPRECATED_OBJC_IMPLEMENTATIONS = YES;
				CLANG_WARN_DIRECT_OBJC_ISA_USAGE = YES_ERROR;
				CLANG_WARN_DOCUMENTATION_COMMENTS = YES;
				CLANG_WARN_EMPTY_BODY = YES;
				CLANG_WARN_ENUM_CONVERSION = YES;
				CLANG_WARN_INFINITE_RECURSION = YES;
				CLANG_WARN_INT_CONVERSION = YES;
				CLANG_WARN_NON_LITERAL_NULL_CONVERSION = YES;
				CLANG_WARN_OBJC_IMPLICIT_RETAIN_SELF = YES;
				CLANG_WARN_OBJC_LITERAL_CONVERSION = YES;
				CLANG_WARN_OBJC_ROOT_CLASS = YES_ERROR;
				CLANG_WARN_QUOTED_INCLUDE_IN_FRAMEWORK_HEADER = YES;
				CLANG_WARN_RANGE_LOOP_ANALYSIS = YES;
				CLANG_WARN_STRICT_PROTOTYPES = YES;
				CLANG_WARN_SUSPICIOUS_MOVE = YES;
				CLANG_WARN_UNGUARDED_AVAILABILITY = YES_AGGRESSIVE;
				CLANG_WARN_UNREACHABLE_CODE = YES;
				CLANG_WARN__DUPLICATE_METHOD_MATCH = YES;
				COPY_PHASE_STRIP = NO;
				DEBUG_INFORMATION_FORMAT = "dwarf-with-dsym";
				ENABLE_NS_ASSERTIONS = NO;
				ENABLE_STRICT_OBJC_MSGSEND = YES;
				GCC_C_LANGUAGE_STANDARD = gnu11;
				GCC_NO_COMMON_BLOCKS = YES;
				GCC_WARN_64_TO_32_BIT_CONVERSION = YES;
				GCC_WARN_ABOUT_RETURN_TYPE = YES_ERROR;
				GCC_WARN_UNDECLARED_SELECTOR = YES;
				GCC_WARN_UNINITIALIZED_AUTOS = YES_AGGRESSIVE;
				GCC_WARN_UNUSED_FUNCTION = YES;
				GCC_WARN_UNUSED_VARIABLE = YES;
				IPHONEOS_DEPLOYMENT_TARGET = 16.4;
				MTL_ENABLE_DEBUG_INFO = NO;
				MTL_FAST_MATH = YES;
				SDKROOT = iphoneos;
				SWIFT_COMPILATION_MODE = wholemodule;
				SWIFT_OPTIMIZATION_LEVEL = "-O";
				VALIDATE_PRODUCT = YES;
			};
			name = Release;
		};
		8A83E2C929F520E900C15881 /* Debug */ = {
			isa = XCBuildConfiguration;
			buildSettings = {
				ASSETCATALOG_COMPILER_APPICON_NAME = AppIcon;
				ASSETCATALOG_COMPILER_GLOBAL_ACCENT_COLOR_NAME = AccentColor;
				CODE_SIGN_STYLE = Automatic;
				CURRENT_PROJECT_VERSION = 1;
				DEVELOPMENT_TEAM = 9Q2U86X5A6;
				GENERATE_INFOPLIST_FILE = YES;
				INFOPLIST_FILE = RickAndMorty/Info.plist;
				INFOPLIST_KEY_UIApplicationSupportsIndirectInputEvents = YES;
				INFOPLIST_KEY_UILaunchStoryboardName = LaunchScreen;
				INFOPLIST_KEY_UISupportedInterfaceOrientations_iPad = "UIInterfaceOrientationPortrait UIInterfaceOrientationPortraitUpsideDown UIInterfaceOrientationLandscapeLeft UIInterfaceOrientationLandscapeRight";
				INFOPLIST_KEY_UISupportedInterfaceOrientations_iPhone = "UIInterfaceOrientationPortrait UIInterfaceOrientationLandscapeLeft UIInterfaceOrientationLandscapeRight";
				LD_RUNPATH_SEARCH_PATHS = (
					"$(inherited)",
					"@executable_path/Frameworks",
				);
				MARKETING_VERSION = 1.0;
				PRODUCT_BUNDLE_IDENTIFIER = sergey.RickAndMorty;
				PRODUCT_NAME = "$(TARGET_NAME)";
				SWIFT_EMIT_LOC_STRINGS = YES;
				SWIFT_VERSION = 5.0;
				TARGETED_DEVICE_FAMILY = "1,2";
			};
			name = Debug;
		};
		8A83E2CA29F520E900C15881 /* Release */ = {
			isa = XCBuildConfiguration;
			buildSettings = {
				ASSETCATALOG_COMPILER_APPICON_NAME = AppIcon;
				ASSETCATALOG_COMPILER_GLOBAL_ACCENT_COLOR_NAME = AccentColor;
				CODE_SIGN_STYLE = Automatic;
				CURRENT_PROJECT_VERSION = 1;
				DEVELOPMENT_TEAM = 9Q2U86X5A6;
				GENERATE_INFOPLIST_FILE = YES;
				INFOPLIST_FILE = RickAndMorty/Info.plist;
				INFOPLIST_KEY_UIApplicationSupportsIndirectInputEvents = YES;
				INFOPLIST_KEY_UILaunchStoryboardName = LaunchScreen;
				INFOPLIST_KEY_UISupportedInterfaceOrientations_iPad = "UIInterfaceOrientationPortrait UIInterfaceOrientationPortraitUpsideDown UIInterfaceOrientationLandscapeLeft UIInterfaceOrientationLandscapeRight";
				INFOPLIST_KEY_UISupportedInterfaceOrientations_iPhone = "UIInterfaceOrientationPortrait UIInterfaceOrientationLandscapeLeft UIInterfaceOrientationLandscapeRight";
				LD_RUNPATH_SEARCH_PATHS = (
					"$(inherited)",
					"@executable_path/Frameworks",
				);
				MARKETING_VERSION = 1.0;
				PRODUCT_BUNDLE_IDENTIFIER = sergey.RickAndMorty;
				PRODUCT_NAME = "$(TARGET_NAME)";
				SWIFT_EMIT_LOC_STRINGS = YES;
				SWIFT_VERSION = 5.0;
				TARGETED_DEVICE_FAMILY = "1,2";
			};
			name = Release;
		};
/* End XCBuildConfiguration section */

/* Begin XCConfigurationList section */
		8A83E2AF29F520E700C15881 /* Build configuration list for PBXProject "RickAndMorty" */ = {
			isa = XCConfigurationList;
			buildConfigurations = (
				8A83E2C629F520E900C15881 /* Debug */,
				8A83E2C729F520E900C15881 /* Release */,
			);
			defaultConfigurationIsVisible = 0;
			defaultConfigurationName = Release;
		};
		8A83E2C829F520E900C15881 /* Build configuration list for PBXNativeTarget "RickAndMorty" */ = {
			isa = XCConfigurationList;
			buildConfigurations = (
				8A83E2C929F520E900C15881 /* Debug */,
				8A83E2CA29F520E900C15881 /* Release */,
			);
			defaultConfigurationIsVisible = 0;
			defaultConfigurationName = Release;
		};
/* End XCConfigurationList section */
	};
	rootObject = 8A83E2AC29F520E700C15881 /* Project object */;
}
